# This file is automatically @generated by Cargo.
# It is not intended for manual editing.
version = 4

[[package]]
name = "allocator-api2"
version = "0.2.21"
source = "registry+https://github.com/rust-lang/crates.io-index"
checksum = "683d7910e743518b0e34f1186f92494becacb047c7b6bf616c96772180fef923"

[[package]]
name = "arc-swap"
version = "1.9.2"
source = "registry+https://github.com/rust-lang/crates.io-index"
checksum = "c049c0be4daef0b145cb3555416b3b8ef5b7888a38aea1a3a155801fe7b0810b"
dependencies = [
 "rustversion",
]

[[package]]
name = "arrayvec"
version = "0.7.8"
source = "registry+https://github.com/rust-lang/crates.io-index"
checksum = "d3fb67a6e08acf24fdeccbac2cb6ac4305825bd1f117462e0e6f2f193345ad56"

[[package]]
name = "autocfg"
version = "1.5.1"
source = "registry+https://github.com/rust-lang/crates.io-index"
checksum = "f2032f911046de80f0a198e0901378627c33f59ea0ac00e363d481118bd70a53"

[[package]]
name = "bitflags"
version = "1.3.2"
source = "registry+https://github.com/rust-lang/crates.io-index"
checksum = "bef38d45163c2f1dde094a7dfd33ccf595c92905c8f8f4fdc18d06fb1037718a"

[[package]]
name = "bitflags"
version = "2.13.0"
source = "registry+https://github.com/rust-lang/crates.io-index"
checksum = "b4388bee8683e3d04af747c73422af53102d2bd24d9eadb6cbc100baef4b43f8"

[[package]]
name = "bstr"
version = "1.12.3"
source = "registry+https://github.com/rust-lang/crates.io-index"
checksum = "5cee35f73844aa3014bb606320a6c1f010249dbdf43342fe54b5a4f6a8ed4b79"
dependencies = [
 "memchr",
 "regex-automata",
 "serde_core",
]

[[package]]
name = "byteorder"
version = "1.5.0"
source = "registry+https://github.com/rust-lang/crates.io-index"
checksum = "1fd0f2584146f6f2ef48085050886acf353beff7305ebd1ae69500e27c67f64b"

[[package]]
name = "bytes"
version = "1.12.1"
source = "registry+https://github.com/rust-lang/crates.io-index"
checksum = "fc652a48c352aef3ea3aed32080501cf3ef6ed5da78602a020c991775b0aff04"

[[package]]
name = "cfg-if"
version = "1.0.4"
source = "registry+https://github.com/rust-lang/crates.io-index"
checksum = "9330f8b2ff13f34540b44e946ef35111825727b38d33286ef986142615121801"

[[package]]
name = "clru"
version = "0.6.3"
source = "registry+https://github.com/rust-lang/crates.io-index"
checksum = "197fd99cb113a8d5d9b6376f3aa817f32c1078f2343b714fff7d2ca44fdf67d5"
dependencies = [
 "hashbrown 0.16.1",
]

[[package]]
name = "crc32fast"
version = "1.5.0"
source = "registry+https://github.com/rust-lang/crates.io-index"
checksum = "9481c1c90cbf2ac953f07c8d4a58aa3945c425b7185c9154d67a65e4230da511"
dependencies = [
 "cfg-if",
]

[[package]]
name = "crossbeam-channel"
version = "0.5.16"
source = "registry+https://github.com/rust-lang/crates.io-index"
checksum = "d85363c37faeca707aef026efa9f3b34d077bce547e48f770770625c6013679e"
dependencies = [
 "crossbeam-utils",
]

[[package]]
name = "crossbeam-deque"
version = "0.8.7"
source = "registry+https://github.com/rust-lang/crates.io-index"
checksum = "5181e0de7b61eb03a81e347d6dd8797bae9da5146707b51077e2d71a54ec0ceb"
dependencies = [
 "crossbeam-epoch",
 "crossbeam-utils",
]

[[package]]
name = "crossbeam-epoch"
version = "0.9.20"
source = "registry+https://github.com/rust-lang/crates.io-index"
checksum = "2d6914041f254d6e9176c01941b21115dcfb7089e55135a35411081bd106ef3f"
dependencies = [
 "crossbeam-utils",
]

[[package]]
name = "crossbeam-utils"
version = "0.8.22"
source = "registry+https://github.com/rust-lang/crates.io-index"
checksum = "61803da095bee82a81bb1a452ecc25d3b2f1416d1897eb86430c6159ef717c17"

[[package]]
name = "dashmap"
version = "6.2.1"
source = "registry+https://github.com/rust-lang/crates.io-index"
checksum = "e6361d5c062261c78a176addb82d4c821ae42bed6089de0e12603cd25de2059c"
dependencies = [
 "cfg-if",
 "crossbeam-utils",
 "hashbrown 0.14.5",
 "lock_api",
 "once_cell",
 "parking_lot_core",
]

[[package]]
name = "defmt"
version = "0.3.100"
source = "registry+https://github.com/rust-lang/crates.io-index"
checksum = "f0963443817029b2024136fc4dd07a5107eb8f977eaf18fcd1fdeb11306b64ad"
dependencies = [
 "defmt 1.1.1",
]

[[package]]
name = "defmt"
version = "1.1.1"
source = "registry+https://github.com/rust-lang/crates.io-index"
checksum = "e2953bfe4f93bbd20cc71198842756f77d161884c99ebbabc41d80231ded88d1"
dependencies = [
 "bitflags 1.3.2",
 "defmt-macros",
]

[[package]]
name = "defmt-macros"
version = "1.1.1"
source = "registry+https://github.com/rust-lang/crates.io-index"
checksum = "bad9c72e7ca2137e0dc3813245a0d282fd6daad32fd800af018306a9169b5fe8"
dependencies = [
 "defmt-parser",
 "proc-macro2",
 "quote",
 "syn",
]

[[package]]
name = "defmt-parser"
version = "1.0.0"
source = "registry+https://github.com/rust-lang/crates.io-index"
checksum = "10d60334b3b2e7c9d91ef8150abfb6fa4c1c39ebbcf4a81c2e346aad939fee3e"
dependencies = [
 "thiserror",
]

[[package]]
name = "dunce"
version = "1.0.5"
source = "registry+https://github.com/rust-lang/crates.io-index"
checksum = "92773504d58c093f6de2459af4af33faa518c13451eb8f2b5698ed3d36e7c813"

[[package]]
name = "encoding_rs"
version = "0.8.35"
source = "registry+https://github.com/rust-lang/crates.io-index"
checksum = "75030f3c4f45dafd7586dd6780965a8c7e8e285a5ecb86713e63a79c5b2766f3"
dependencies = [
 "cfg-if",
]

[[package]]
name = "equivalent"
version = "1.0.2"
source = "registry+https://github.com/rust-lang/crates.io-index"
checksum = "877a4ace8713b0bcf2a4e7eec82529c029f1d0619886d18145fea96c3ffe5c0f"

[[package]]
name = "errno"
version = "0.3.14"
source = "registry+https://github.com/rust-lang/crates.io-index"
checksum = "39cab71617ae0d63f51a36d69f866391735b51691dbda63cf6f96d042b63efeb"
dependencies = [
 "libc",
 "windows-sys",
]

[[package]]
name = "faster-hex"
version = "0.10.1"
source = "registry+https://github.com/rust-lang/crates.io-index"
checksum = "04839bdf9d8c10f66806fad16b852fc72aab80873aebc3cb69d85b4fa41543ed"
dependencies = [
 "autocfg",
 "defmt 0.3.100",
 "heapless",
 "serde",
]

[[package]]
name = "fastrand"
version = "2.4.1"
source = "registry+https://github.com/rust-lang/crates.io-index"
checksum = "9f1f227452a390804cdb637b74a86990f2a7d7ba4b7d5693aac9b4dd6defd8d6"

[[package]]
name = "filetime"
version = "0.2.29"
source = "registry+https://github.com/rust-lang/crates.io-index"
checksum = "5c287a33c7f0a620c38e641e7f60827713987b3c0f26e8ddc9462cc69cf75759"
dependencies = [
 "cfg-if",
 "libc",
]

[[package]]
name = "fnv"
version = "1.0.7"
source = "registry+https://github.com/rust-lang/crates.io-index"
checksum = "3f9eec918d3f24069decb9af1554cad7c880e2da24a9afd88aca000531ab82c1"

[[package]]
name = "foldhash"
version = "0.2.0"
source = "registry+https://github.com/rust-lang/crates.io-index"
checksum = "77ce24cb58228fbb8aa041425bb1050850ac19177686ea6e0f41a70416f56fdb"

[[package]]
name = "getrandom"
version = "0.4.3"
source = "registry+https://github.com/rust-lang/crates.io-index"
checksum = "300e883d756b2e4ec94e02791f39b04b522276138852cfc41d9fb7e904106099"
dependencies = [
 "cfg-if",
 "libc",
 "r-efi",
]

[[package]]
name = "gitoxide-python"
version = "0.4.0"
dependencies = [
 "gix",
 "pyo3",
]

[[package]]
name = "gix"
version = "0.89.0"
source = "registry+https://github.com/rust-lang/crates.io-index"
checksum = "2156d2e07fc3afa7632a82bf3cb0db91f995645a2852f642105c9ac9b52e1cb2"
dependencies = [
 "gix-actor",
 "gix-attributes",
 "gix-blame",
 "gix-command",
 "gix-commitgraph",
 "gix-config",
 "gix-date",
 "gix-diff",
 "gix-discover",
 "gix-error",
 "gix-filter",
 "gix-fs",
 "gix-glob",
 "gix-hash",
 "gix-hashtable",
 "gix-ignore",
 "gix-index",
 "gix-lock",
 "gix-note",
 "gix-object",
 "gix-odb",
 "gix-pack",
 "gix-parallel",
 "gix-path",
 "gix-pathspec",
 "gix-protocol",
 "gix-quote",
 "gix-ref",
 "gix-refspec",
 "gix-revision",
 "gix-revwalk",
 "gix-sec",
 "gix-shallow",
 "gix-submodule",
 "gix-tempfile",
 "gix-trace",
 "gix-traverse",
 "gix-url",
 "gix-utils",
 "gix-validate",
 "gix-worktree",
 "gix-worktree-stream",
 "gix-zlib",
 "nonempty",
 "smallvec",
]

[[package]]
name = "gix-actor"
version = "0.44.0"
source = "registry+https://github.com/rust-lang/crates.io-index"
checksum = "2127da41042965ed205568a52443465806944f71c8acd73f48ec94b8cd8e798e"
dependencies = [
 "bstr",
 "gix-date",
 "gix-error",
]

[[package]]
name = "gix-attributes"
version = "0.37.0"
source = "registry+https://github.com/rust-lang/crates.io-index"
checksum = "0feca0b8919aba9f123b75de54062dd61eb37d2a2130f34be520da6ed8b8ef72"
dependencies = [
 "bstr",
 "gix-error",
 "gix-glob",
 "gix-parallel",
 "gix-path",
 "gix-quote",
 "gix-trace",
 "smallvec",
 "unicode-bom",
]

[[package]]
name = "gix-bitmap"
version = "0.6.0"
source = "registry+https://github.com/rust-lang/crates.io-index"
checksum = "408cb9e482e0dcc5fc481850556348dda6981ec054a4a8e81a8e1bbf84f85eef"
dependencies = [
 "gix-error",
]

[[package]]
name = "gix-blame"
version = "0.19.0"
source = "registry+https://github.com/rust-lang/crates.io-index"
checksum = "d918e9dd7593182b9e8e19323a22d33b663f28c28507e05fede14de466563045"
dependencies = [
 "gix-commitgraph",
 "gix-date",
 "gix-diff",
 "gix-error",
 "gix-hash",
 "gix-object",
 "gix-revwalk",
 "gix-trace",
 "gix-traverse",
 "gix-worktree",
 "smallvec",
]

[[package]]
name = "gix-chunk"
version = "0.10.0"
source = "registry+https://github.com/rust-lang/crates.io-index"
checksum = "626335faf30ed235744642c2309aa370683b8bb2757f1c22a807e274dff60074"
dependencies = [
 "gix-error",
]

[[package]]
name = "gix-command"
version = "0.12.0"
source = "registry+https://github.com/rust-lang/crates.io-index"
checksum = "ac560c05e19455016a4a94b33a77debe59aaed8783da32a73d31c9975947152e"
dependencies = [
 "bstr",
 "gix-error",
 "gix-path",
 "gix-quote",
 "gix-trace",
]

[[package]]
name = "gix-commitgraph"
version = "0.41.0"
source = "registry+https://github.com/rust-lang/crates.io-index"
checksum = "dfede9936d4b789867c09722576aea4ceb0e3aacf962eef035ebab0686b41a80"
dependencies = [
 "bstr",
 "gix-chunk",
 "gix-error",
 "gix-hash",
 "memmap2",
 "nonempty",
]

[[package]]
name = "gix-config"
version = "0.62.0"
source = "registry+https://github.com/rust-lang/crates.io-index"
checksum = "65a9c000fa9a9154f22ffc8f8d74426e9300d759c2029e8701e2ba39d5d464ea"
dependencies = [
 "bstr",
 "gix-config-value",
 "gix-error",
 "gix-glob",
 "gix-parallel",
 "gix-path",
 "gix-ref",
 "gix-sec",
 "gix-trace",
 "gix-utils",
 "smallvec",
 "unicode-bom",
]

[[package]]
name = "gix-config-value"
version = "0.21.0"
source = "registry+https://github.com/rust-lang/crates.io-index"
checksum = "ab206c2fccfd35e0de7fb1b424997cfd42912062c66dae024e08a06e22d46674"
dependencies = [
 "bitflags 2.13.0",
 "bstr",
 "gix-error",
 "gix-path",
 "gix-utils",
 "libc",
]

[[package]]
name = "gix-date"
version = "0.18.0"
source = "registry+https://github.com/rust-lang/crates.io-index"
checksum = "0f7eeeecc599082f32b5ea6a8c4c734e38be9730e2c09e3fe2851bb4692393e9"
dependencies = [
 "bstr",
 "gix-error",
 "itoa",
 "jiff",
]

[[package]]
name = "gix-diff"
version = "0.69.0"
source = "registry+https://github.com/rust-lang/crates.io-index"
checksum = "aa640963fdcbc6b4718e48593c3917f5ae764b59fb5a96313cb5a757246d041d"
dependencies = [
 "bstr",
 "gix-command",
 "gix-error",
 "gix-filter",
 "gix-fs",
 "gix-hash",
 "gix-imara-diff",
 "gix-object",
 "gix-path",
 "gix-tempfile",
 "gix-trace",
 "gix-traverse",
 "gix-worktree",
]

[[package]]
name = "gix-discover"
version = "0.57.0"
source = "registry+https://github.com/rust-lang/crates.io-index"
checksum = "a7d0f8fd2c7e4b458eb3081362d49b54bd0131d23ecd49be802085a11f0d3cee"
dependencies = [
 "bstr",
 "dunce",
 "gix-error",
 "gix-fs",
 "gix-path",
 "gix-ref",
 "gix-sec",
]

[[package]]
name = "gix-error"
version = "0.5.0"
source = "registry+https://github.com/rust-lang/crates.io-index"
checksum = "aef6406003c4117d640329fe2c35386f4e137a628bb28d3f50209db159b48bc4"
dependencies = [
 "bstr",
]

[[package]]
name = "gix-filter"
version = "0.36.0"
source = "registry+https://github.com/rust-lang/crates.io-index"
checksum = "9d8d932ee4043f7d77d15ee58d2be2bc95accea5dd1d77fd145de1b7c504551b"
dependencies = [
 "bstr",
 "encoding_rs",
 "gix-attributes",
 "gix-command",
 "gix-error",
 "gix-hash",
 "gix-object",
 "gix-packetline",
 "gix-path",
 "gix-quote",
 "gix-trace",
 "gix-utils",
 "smallvec",
]

[[package]]
name = "gix-fs"
version = "0.24.0"
source = "registry+https://github.com/rust-lang/crates.io-index"
checksum = "44a05d043e670c055cd8b53d078562dc0bc1e322bff6b0376b407d37cf72dcc5"
dependencies = [
 "bstr",
 "gix-error",
 "gix-parallel",
 "gix-path",
 "gix-utils",
 "libc",
 "walkdir",
]

[[package]]
name = "gix-glob"
version = "0.29.0"
source = "registry+https://github.com/rust-lang/crates.io-index"
checksum = "7b0d03ab50fa841621031960679caf7fe94940968d9a0736d12a580f2c03e525"
dependencies = [
 "bitflags 2.13.0",
 "bstr",
 "gix-fs",
 "gix-path",
 "gix-trace",
 "gix-utils",
]

[[package]]
name = "gix-hash"
version = "0.28.0"
source = "registry+https://github.com/rust-lang/crates.io-index"
checksum = "40ca156064e378d8c657084365846cedb8dc498c6ea4500965a64d74f12af2be"
dependencies = [
 "faster-hex",
 "gix-error",
 "gix-utils",
 "sha1dc",
]

[[package]]
name = "gix-hashtable"
version = "0.18.0"
source = "registry+https://github.com/rust-lang/crates.io-index"
checksum = "916cb6b2ec42ffaca624e7867bb382a4673015cb4ffcd7330b48085d02e4c615"
dependencies = [
 "gix-hash",
 "hashbrown 0.17.1",
 "parking_lot",
]

[[package]]
name = "gix-ignore"
version = "0.24.0"
source = "registry+https://github.com/rust-lang/crates.io-index"
checksum = "cb1c93f60845d493a72fde38ae237498bc4e4464f45afa4af23e53f8295a3ba1"
dependencies = [
 "bstr",
 "gix-glob",
 "gix-path",
 "gix-trace",
 "unicode-bom",
]

[[package]]
name = "gix-imara-diff"
version = "0.3.1"
source = "registry+https://github.com/rust-lang/crates.io-index"
checksum = "1c48eccd894bd15555b0346470e63491ded94aefe76b3fcb1052084b5a393238"
dependencies = [
 "bstr",
 "hashbrown 0.17.1",
]

[[package]]
name = "gix-index"
version = "0.57.0"
source = "registry+https://github.com/rust-lang/crates.io-index"
checksum = "fc6db8b20a3dba8836daf90b24199600bb27dcfce3a127ec24ae61e15a7c5b68"
dependencies = [
 "bitflags 2.13.0",
 "bstr",
 "filetime",
 "fnv",
 "gix-bitmap",
 "gix-error",
 "gix-fs",
 "gix-hash",
 "gix-lock",
 "gix-object",
 "gix-parallel",
 "gix-trace",
 "gix-traverse",
 "gix-utils",
 "gix-validate",
 "hashbrown 0.17.1",
 "itoa",
 "libc",
 "memmap2",
 "rustix",
 "smallvec",
]

[[package]]
name = "gix-lock"
version = "26.0.0"
source = "registry+https://github.com/rust-lang/crates.io-index"
checksum = "4b2f7f5bd6b9fcd0b0dc58b0e6a708f3a47c3313876571dfe800c926c069aa5c"
dependencies = [
 "gix-error",
 "gix-fs",
 "gix-tempfile",
 "gix-utils",
]

[[package]]
name = "gix-macros"
version = "0.2.0"
source = "registry+https://github.com/rust-lang/crates.io-index"
checksum = "f11f5429ca73cc3758c9f53af56a9fba100a8701c5b4bc30e29b8b0b15288991"
dependencies = [
 "proc-macro2",
 "quote",
 "syn",
]

[[package]]
name = "gix-note"
version = "0.3.0"
source = "registry+https://github.com/rust-lang/crates.io-index"
checksum = "bd364f8bdceaed9e7f3ae40f324b16e39f20e9c7e6a6a058f7c6ec66c3e6205c"
dependencies = [
 "gix-error",
 "gix-hash",
 "gix-object",
]

[[package]]
name = "gix-object"
version = "0.66.0"
source = "registry+https://github.com/rust-lang/crates.io-index"
checksum = "f0e38f50177e211642af154f9a7f710b7a3a637e635f9b6adb9d51973b0f9209"
dependencies = [
 "bstr",
 "gix-actor",
 "gix-command",
 "gix-date",
 "gix-error",
 "gix-hash",
 "gix-hashtable",
 "gix-path",
 "gix-tempfile",
 "gix-utils",
 "gix-validate",
 "itoa",
 "smallvec",
]

[[package]]
name = "gix-odb"
version = "0.86.0"
source = "registry+https://github.com/rust-lang/crates.io-index"
checksum = "ca444f33f2140876ed6b5313c2b550b4af699008193c96f3bff5023afa9ef4ea"
dependencies = [
 "arc-swap",
 "crc32fast",
 "gix-error",
 "gix-fs",
 "gix-hash",
 "gix-hashtable",
 "gix-object",
 "gix-pack",
 "gix-parallel",
 "gix-path",
 "gix-quote",
 "gix-trace",
 "gix-utils",
 "gix-zlib",
 "memmap2",
 "parking_lot",
 "tempfile",
]

[[package]]
name = "gix-pack"
version = "0.76.0"
source = "registry+https://github.com/rust-lang/crates.io-index"
checksum = "bc5024cc503cd29461a705ae90b9eae772fa8f0e6fafc1c48513877dc374de05"
dependencies = [
 "clru",
 "crc32fast",
 "crossbeam-deque",
 "gix-chunk",
 "gix-error",
 "gix-hash",
 "gix-hashtable",
 "gix-object",
 "gix-parallel",
 "gix-path",
 "gix-trace",
 "gix-utils",
 "gix-zlib",
 "memmap2",
 "smallvec",
 "uluru",
]

[[package]]
name = "gix-packetline"
version = "0.24.0"
source = "registry+https://github.com/rust-lang/crates.io-index"
checksum = "830e51b227f6a925fe9308858ac91170dd00fa2880f5480fc81e8a4594fe2c35"
dependencies = [
 "bstr",
 "faster-hex",
 "gix-error",
 "gix-trace",
]

[[package]]
name = "gix-parallel"
version = "0.50.0"
source = "registry+https://github.com/rust-lang/crates.io-index"
checksum = "e994cf1eec247ba4be7f9e7c0d58cc73f83eecb5fcb9feb595df5ba3d2078546"
dependencies = [
 "crossbeam-channel",
 "gix-trace",
 "once_cell",
 "parking_lot",
]

[[package]]
name = "gix-path"
version = "0.14.0"
source = "registry+https://github.com/rust-lang/crates.io-index"
checksum = "a6d563d4d0c975ed0df4e853f9ec962a2ba46633b1d324e1a5582541fcae0c6b"
dependencies = [
 "bstr",
 "gix-error",
 "gix-trace",
 "gix-validate",
]

[[package]]
name = "gix-pathspec"
version = "0.22.0"
source = "registry+https://github.com/rust-lang/crates.io-index"
checksum = "3e3b7f03e516a8435d18c3cc2d446925940c81d409145ac21edb5a576f0625e4"
dependencies = [
 "bitflags 2.13.0",
 "bstr",
 "gix-attributes",
 "gix-config-value",
 "gix-error",
 "gix-glob",
 "gix-path",
]

[[package]]
name = "gix-protocol"
version = "0.67.0"
source = "registry+https://github.com/rust-lang/crates.io-index"
checksum = "832b5dc46a3c0a6f6fa8f8e571c11074add4b545c6789799ae6d6c36ae1a294e"
dependencies = [
 "bstr",
 "gix-date",
 "gix-error",
 "gix-hash",
 "gix-macros",
 "gix-ref",
 "gix-shallow",
 "gix-transport",
 "gix-utils",
 "nonempty",
]

[[package]]
name = "gix-quote"
version = "0.10.0"
source = "registry+https://github.com/rust-lang/crates.io-index"
checksum = "c7f92bc1b13c09e88388578e8aa1e987ec35f28fca158c13b1baa7ab1a85b124"
dependencies = [
 "bstr",
 "gix-error",
 "gix-utils",
]

[[package]]
name = "gix-ref"
version = "0.69.0"
source = "registry+https://github.com/rust-lang/crates.io-index"
checksum = "073bc0928e1f747823b1eaed94918119dacef4c616532bc3d17e5b7457863471"
dependencies = [
 "gix-actor",
 "gix-error",
 "gix-fs",
 "gix-hash",
 "gix-lock",
 "gix-object",
 "gix-parallel",
 "gix-path",
 "gix-tempfile",
 "gix-utils",
 "gix-validate",
 "memmap2",
]

[[package]]
name = "gix-refspec"
version = "0.47.0"
source = "registry+https://github.com/rust-lang/crates.io-index"
checksum = "ccc7010dae0df2900aa77cc67f8aca042cd80e35938ccc179010d863b1d42a0c"
dependencies = [
 "bstr",
 "gix-error",
 "gix-hash",
 "gix-validate",
 "smallvec",
]

[[package]]
name = "gix-revision"
version = "0.51.0"
source = "registry+https://github.com/rust-lang/crates.io-index"
checksum = "63210c1943b67fa700806c3c3486fc16a92b3ea871f5cf092340b8eec10a0ca1"
dependencies = [
 "bitflags 2.13.0",
 "bstr",
 "gix-commitgraph",
 "gix-date",
 "gix-error",
 "gix-hash",
 "gix-hashtable",
 "gix-object",
 "gix-revwalk",
 "gix-trace",
 "nonempty",
]

[[package]]
name = "gix-revwalk"
version = "0.37.0"
source = "registry+https://github.com/rust-lang/crates.io-index"
checksum = "800479fbbf1e7f94f663e07943a91add5499343e7aac611a81e6a0460fd44af6"
dependencies = [
 "gix-commitgraph",
 "gix-date",
 "gix-error",
 "gix-hash",
 "gix-hashtable",
 "gix-object",
 "smallvec",
]

[[package]]
name = "gix-sec"
version = "0.16.0"
source = "registry+https://github.com/rust-lang/crates.io-index"
checksum = "5640f642a1b471616d48230b1def7ca743cb30903441ff84800cafbab3c0fddf"
dependencies = [
 "bitflags 2.13.0",
 "gix-path",
 "libc",
 "windows-sys",
]

[[package]]
name = "gix-shallow"
version = "0.15.0"
source = "registry+https://github.com/rust-lang/crates.io-index"
checksum = "94bc0720a3d6b10f18e3ac382a7780bcfc4c6bee94a8b5857b8e4ec94c50d754"
dependencies = [
 "bstr",
 "gix-error",
 "gix-hash",
 "gix-lock",
 "nonempty",
]

[[package]]
name = "gix-submodule"
version = "0.36.0"
source = "registry+https://github.com/rust-lang/crates.io-index"
checksum = "6d945257bd0d624ca844a5a36c79d748df080f355b0ac92d68793875aa529a3f"
dependencies = [
 "bstr",
 "gix-config",
 "gix-error",
 "gix-path",
 "gix-pathspec",
 "gix-refspec",
 "gix-url",
]

[[package]]
name = "gix-tempfile"
version = "26.0.0"
source = "registry+https://github.com/rust-lang/crates.io-index"
checksum = "e9275c8ae0646d840ae0156d3f90d39b7beea6e31a398afb9ee72feb293a269c"
dependencies = [
 "dashmap",
 "gix-fs",
 "libc",
 "parking_lot",
 "tempfile",
 "windows-sys",
]

[[package]]
name = "gix-trace"
version = "0.3.0"
source = "registry+https://github.com/rust-lang/crates.io-index"
checksum = "133f2de116104d637541831b6acb157898556d5eeec363ab2eb1c583adc6bb56"

[[package]]
name = "gix-transport"
version = "0.61.0"
source = "registry+https://github.com/rust-lang/crates.io-index"
checksum = "2e43d6b0097ea9f2f266d5d6c43b8f615ed3da7c686ec8771cd17c1cb33cb0de"
dependencies = [
 "bstr",
 "gix-command",
 "gix-error",
 "gix-packetline",
 "gix-path",
 "gix-quote",
 "gix-sec",
 "gix-trace",
 "gix-url",
 "gix-utils",
]

[[package]]
name = "gix-traverse"
version = "0.63.0"
source = "registry+https://github.com/rust-lang/crates.io-index"
checksum = "a668a6e7f7688e5a43eaf161f1471ffc559de1a5fd8471e861c64d59d1699e1e"
dependencies = [
 "bitflags 2.13.0",
 "gix-commitgraph",
 "gix-date",
 "gix-error",
 "gix-hash",
 "gix-hashtable",
 "gix-object",
 "gix-revwalk",
 "smallvec",
]

[[package]]
name = "gix-url"
version = "0.40.0"
source = "registry+https://github.com/rust-lang/crates.io-index"
checksum = "04317dea7a5dd5253bbcab060c230f3de6a57d17cc9600c6cd7030bf4795b414"
dependencies = [
 "bstr",
 "gix-error",
 "gix-path",
 "gix-utils",
 "percent-encoding",
]

[[package]]
name = "gix-utils"
version = "0.5.0"
source = "registry+https://github.com/rust-lang/crates.io-index"
checksum = "830639b49e83df93de7803ff0031a6c82d2a395dec7c4a068e37e97b0ce61bca"
dependencies = [
 "bstr",
 "bytes",
 "fastrand",
 "getrandom",
 "gix-error",
 "prodash",
 "unicode-normalization",
]

[[package]]
name = "gix-validate"
version = "0.13.0"
source = "registry+https://github.com/rust-lang/crates.io-index"
checksum = "cbcd59cc52742468bc5c8a0e7123390d154f45e6cbd37461b0dcecdc681f2179"
dependencies = [
 "bstr",
 "gix-error",
]

[[package]]
name = "gix-worktree"
version = "0.58.0"
source = "registry+https://github.com/rust-lang/crates.io-index"
checksum = "a285c0f6b41e504e8bb81ca3f861c4da00cb3d5ced3210a4591112f22da6d38f"
dependencies = [
 "bstr",
 "gix-attributes",
 "gix-error",
 "gix-fs",
 "gix-glob",
 "gix-hash",
 "gix-ignore",
 "gix-index",
 "gix-object",
 "gix-path",
 "gix-validate",
]

[[package]]
name = "gix-worktree-stream"
version = "0.38.0"
source = "registry+https://github.com/rust-lang/crates.io-index"
checksum = "28d2789610e8179d4e0e8e51170a52a66483c103a8ad3c7db4d075b571856cb6"
dependencies = [
 "gix-attributes",
 "gix-error",
 "gix-filter",
 "gix-fs",
 "gix-hash",
 "gix-object",
 "gix-parallel",
 "gix-path",
 "gix-trace",
 "gix-traverse",
 "gix-utils",
 "parking_lot",
]

[[package]]
name = "gix-zlib"
version = "0.3.0"
source = "registry+https://github.com/rust-lang/crates.io-index"
checksum = "8c2edb206bf06f3c801f4f6789c696396171558ab9b4c7f1fe3ba4d39b00b0f4"
dependencies = [
 "gix-error",
 "zlib-rs",
]

[[package]]
name = "hash32"
version = "0.3.1"
source = "registry+https://github.com/rust-lang/crates.io-index"
checksum = "47d60b12902ba28e2730cd37e95b8c9223af2808df9e902d4df49588d1470606"
dependencies = [
 "byteorder",
]

[[package]]
name = "hashbrown"
version = "0.14.5"
source = "registry+https://github.com/rust-lang/crates.io-index"
checksum = "e5274423e17b7c9fc20b6e7e208532f9b19825d82dfd615708b70edd83df41f1"

[[package]]
name = "hashbrown"
version = "0.16.1"
source = "registry+https://github.com/rust-lang/crates.io-index"
checksum = "841d1cc9bed7f9236f321df977030373f4a4163ae1a7dbfe1a51a2c1a51d9100"
dependencies = [
 "allocator-api2",
 "equivalent",
 "foldhash",
]

[[package]]
name = "hashbrown"
version = "0.17.1"
source = "registry+https://github.com/rust-lang/crates.io-index"
checksum = "ed5909b6e89a2db4456e54cd5f673791d7eca6732202bbf2a9cc504fe2f9b84a"
dependencies = [
 "allocator-api2",
 "equivalent",
 "foldhash",
]

[[package]]
name = "heapless"
version = "0.8.0"
source = "registry+https://github.com/rust-lang/crates.io-index"
checksum = "0bfb9eb618601c89945a70e254898da93b13be0388091d42117462b265bb3fad"
dependencies = [
 "hash32",
 "stable_deref_trait",
]

[[package]]
name = "heck"
version = "0.5.0"
source = "registry+https://github.com/rust-lang/crates.io-index"
checksum = "2304e00983f87ffb38b55b444b5e3b60a884b5d30c0fca7d82fe33449bbe55ea"

[[package]]
name = "itoa"
version = "1.0.18"
source = "registry+https://github.com/rust-lang/crates.io-index"
checksum = "8f42a60cbdf9a97f5d2305f08a87dc4e09308d1276d28c869c684d7777685682"

[[package]]
name = "jiff"
version = "0.2.32"
source = "registry+https://github.com/rust-lang/crates.io-index"
checksum = "961d16382652bfdd8c6f68b223b26a8c93e0d475c672f414411db31c6c5c900e"
dependencies = [
 "defmt 1.1.1",
 "jiff-static",
 "jiff-tzdb-platform",
 "log",
 "portable-atomic",
 "portable-atomic-util",
 "serde_core",
 "windows-link",
]

[[package]]
name = "jiff-static"
version = "0.2.32"
source = "registry+https://github.com/rust-lang/crates.io-index"
checksum = "d0879bd39df99c4c5e2c6615ccc026391a423dde10532c573e6086eb94a802cc"
dependencies = [
 "proc-macro2",
 "quote",
 "syn",
]

[[package]]
name = "jiff-tzdb"
version = "0.1.8"
source = "registry+https://github.com/rust-lang/crates.io-index"
checksum = "142bd39932ad231f10513df9ab62661fead8719872150b7ad02a2df79f4e141e"

[[package]]
name = "jiff-tzdb-platform"
version = "0.1.3"
source = "registry+https://github.com/rust-lang/crates.io-index"
checksum = "875a5a69ac2bab1a891711cf5eccbec1ce0341ea805560dcd90b7a2e925132e8"
dependencies = [
 "jiff-tzdb",
]

[[package]]
name = "libc"
version = "0.2.186"
source = "registry+https://github.com/rust-lang/crates.io-index"
checksum = "68ab91017fe16c622486840e4c83c9a37afeff978bd239b5293d61ece587de66"

[[package]]
name = "linux-raw-sys"
version = "0.12.1"
source = "registry+https://github.com/rust-lang/crates.io-index"
checksum = "32a66949e030da00e8c7d4434b251670a91556f4144941d37452769c25d58a53"

[[package]]
name = "lock_api"
version = "0.4.14"
source = "registry+https://github.com/rust-lang/crates.io-index"
checksum = "224399e74b87b5f3557511d98dff8b14089b3dadafcab6bb93eab67d3aace965"
dependencies = [
 "scopeguard",
]

[[package]]
name = "log"
version = "0.4.33"
source = "registry+https://github.com/rust-lang/crates.io-index"
checksum = "0ceec5bc11778974d1bcb055b18002eba7f4b3518b6a0081b3af5f21666da9ad"

[[package]]
name = "memchr"
version = "2.8.3"
source = "registry+https://github.com/rust-lang/crates.io-index"
checksum = "cf8baf1c55e62ffcace7a9f06f4bd9cd3f0c4beb022d3b367256b91b87513d98"

[[package]]
name = "memmap2"
version = "0.9.11"
source = "registry+https://github.com/rust-lang/crates.io-index"
checksum = "d1219ed1b7f229ee7104d281dd01d6802fe28bb6e95d292942c4daacdeb798c0"
dependencies = [
 "libc",
]

[[package]]
name = "nonempty"
version = "0.12.0"
source = "registry+https://github.com/rust-lang/crates.io-index"
checksum = "9737e026353e5cd0736f98eddae28665118eb6f6600902a7f50db585621fecb6"

[[package]]
name = "once_cell"
version = "1.21.4"
source = "registry+https://github.com/rust-lang/crates.io-index"
checksum = "9f7c3e4beb33f85d45ae3e3a1792185706c8e16d043238c593331cc7cd313b50"

[[package]]
name = "parking_lot"
version = "0.12.5"
source = "registry+https://github.com/rust-lang/crates.io-index"
checksum = "93857453250e3077bd71ff98b6a65ea6621a19bb0f559a85248955ac12c45a1a"
dependencies = [
 "lock_api",
 "parking_lot_core",
]

[[package]]
name = "parking_lot_core"
version = "0.9.12"
source = "registry+https://github.com/rust-lang/crates.io-index"
checksum = "2621685985a2ebf1c516881c026032ac7deafcda1a2c9b7850dc81e3dfcb64c1"
dependencies = [
 "cfg-if",
 "libc",
 "redox_syscall",
 "smallvec",
 "windows-link",
]

[[package]]
name = "percent-encoding"
version = "2.3.2"
source = "registry+https://github.com/rust-lang/crates.io-index"
checksum = "9b4f627cb1b25917193a259e49bdad08f671f8d9708acfd5fe0a8c1455d87220"

[[package]]
name = "portable-atomic"
version = "1.13.1"
source = "registry+https://github.com/rust-lang/crates.io-index"
checksum = "c33a9471896f1c69cecef8d20cbe2f7accd12527ce60845ff44c153bb2a21b49"

[[package]]
name = "portable-atomic-util"
version = "0.2.7"
source = "registry+https://github.com/rust-lang/crates.io-index"
checksum = "c2a106d1259c23fac8e543272398ae0e3c0b8d33c88ed73d0cc71b0f1d902618"
dependencies = [
 "portable-atomic",
]

[[package]]
name = "proc-macro2"
version = "1.0.106"
source = "registry+https://github.com/rust-lang/crates.io-index"
checksum = "8fd00f0bb2e90d81d1044c2b32617f68fcb9fa3bb7640c23e9c748e53fb30934"
dependencies = [
 "unicode-ident",
]

[[package]]
name = "prodash"
version = "31.0.1"
source = "registry+https://github.com/rust-lang/crates.io-index"
checksum = "cf52d87428247c5aa3760ac8e7d8b13ec7b3579b955a8c3f311668b6860acba5"
dependencies = [
 "parking_lot",
]

[[package]]
name = "pyo3"
version = "0.29.3"
source = "registry+https://github.com/rust-lang/crates.io-index"
checksum = "700d18fa267b73b9b521fd7e13580e2f446916f176cacee1ab63fcc8191f1655"
dependencies = [
 "libc",
 "once_cell",
 "portable-atomic",
 "pyo3-build-config",
 "pyo3-ffi",
 "pyo3-macros",
]

[[package]]
name = "pyo3-build-config"
version = "0.29.3"
source = "registry+https://github.com/rust-lang/crates.io-index"
checksum = "7b3fc0c4d08f6bb10e71fe39dfb9e2f59c6eb6854e22ec8092f50c69a4499adb"
dependencies = [
 "target-lexicon",
]

[[package]]
name = "pyo3-ffi"
version = "0.29.3"
source = "registry+https://github.com/rust-lang/crates.io-index"
checksum = "dfc0b8e19df29aad7086cf977bb0c2a2f143e30567eb113e9cf72b62ca698330"
dependencies = [
 "libc",
 "pyo3-build-config",
]

[[package]]
name = "pyo3-macros"
version = "0.29.3"
source = "registry+https://github.com/rust-lang/crates.io-index"
checksum = "6100e8a4b5eba53afaa5ed078364851a0b2499c553a44c31026b929049b49dc6"
dependencies = [
 "proc-macro2",
 "pyo3-macros-backend",
 "quote",
 "syn",
]

[[package]]
name = "pyo3-macros-backend"
version = "0.29.3"
source = "registry+https://github.com/rust-lang/crates.io-index"
checksum = "6143877a16e82b5a727b7127ff4cd86858a24a28d745d72f43e6f227c7b1bdb3"
dependencies = [
 "heck",
 "proc-macro2",
 "quote",
 "syn",
]

[[package]]
name = "quote"
version = "1.0.46"
source = "registry+https://github.com/rust-lang/crates.io-index"
checksum = "dfbc457d0c7a0759a614551b11a6409e5951f6c7537be1f1b7682b9ae9230368"
dependencies = [
 "proc-macro2",
]

[[package]]
name = "r-efi"
version = "6.0.0"
source = "registry+https://github.com/rust-lang/crates.io-index"
checksum = "f8dcc9c7d52a811697d2151c701e0d08956f92b0e24136cf4cf27b57a6a0d9bf"

[[package]]
name = "redox_syscall"
version = "0.5.18"
source = "registry+https://github.com/rust-lang/crates.io-index"
checksum = "ed2bf2547551a7053d6fdfafda3f938979645c44812fbfcda098faae3f1a362d"
dependencies = [
 "bitflags 2.13.0",
]

[[package]]
name = "regex-automata"
version = "0.4.15"
source = "registry+https://github.com/rust-lang/crates.io-index"
checksum = "1f388202e4b80542a0921078cc23b6333bcf1409c1e3f86404cae4766a6131db"

[[package]]
name = "rustix"
version = "1.1.4"
source = "registry+https://github.com/rust-lang/crates.io-index"
checksum = "b6fe4565b9518b83ef4f91bb47ce29620ca828bd32cb7e408f0062e9930ba190"
dependencies = [
 "bitflags 2.13.0",
 "errno",
 "libc",
 "linux-raw-sys",
 "windows-sys",
]

[[package]]
name = "rustversion"
version = "1.0.23"
source = "registry+https://github.com/rust-lang/crates.io-index"
checksum = "cf54715a573b99ac80df0bc206da022bcd442c974952c7b9720069370852e21f"

[[package]]
name = "same-file"
version = "1.0.6"
source = "registry+https://github.com/rust-lang/crates.io-index"
checksum = "93fc1dc3aaa9bfed95e02e6eadabb4baf7e3078b0bd1b4d7b6b0b68378900502"
dependencies = [
 "winapi-util",
]

[[package]]
name = "scopeguard"
version = "1.2.0"
source = "registry+https://github.com/rust-lang/crates.io-index"
checksum = "94143f37725109f92c262ed2cf5e59bce7498c01bcc1502d7b9afe439a4e9f49"

[[package]]
name = "serde"
version = "1.0.228"
source = "registry+https://github.com/rust-lang/crates.io-index"
checksum = "9a8e94ea7f378bd32cbbd37198a4a91436180c5bb472411e48b5ec2e2124ae9e"
dependencies = [
 "serde_core",
]

[[package]]
name = "serde_core"
version = "1.0.228"
source = "registry+https://github.com/rust-lang/crates.io-index"
checksum = "41d385c7d4ca58e59fc732af25c3983b67ac852c1a25000afe1175de458b67ad"
dependencies = [
 "serde_derive",
]

[[package]]
name = "serde_derive"
version = "1.0.228"
source = "registry+https://github.com/rust-lang/crates.io-index"
checksum = "d540f220d3187173da220f885ab66608367b6574e925011a9353e4badda91d79"
dependencies = [
 "proc-macro2",
 "quote",
 "syn",
]

[[package]]
name = "sha1dc"
version = "0.1.5"
source = "registry+https://github.com/rust-lang/crates.io-index"
checksum = "c5b0ebf6537e3e8db8bb7d21ecb6d7399738c953c757945c6b95e46c4e95df7b"

[[package]]
name = "smallvec"
version = "1.15.2"
source = "registry+https://github.com/rust-lang/crates.io-index"
checksum = "8ed6a63f02c8539c91a8685a86f4099661ba3da017932f6ebbea6de3f0fa7c90"

[[package]]
name = "stable_deref_trait"
version = "1.2.1"
source = "registry+https://github.com/rust-lang/crates.io-index"
checksum = "6ce2be8dc25455e1f91df71bfa12ad37d7af1092ae736f3a6cd0e37bc7810596"

[[package]]
name = "syn"
version = "2.0.118"
source = "registry+https://github.com/rust-lang/crates.io-index"
checksum = "1b9ae57f904213ebb649ce6895b8a66c66f0203b9319718f69a5612a065b1422"
dependencies = [
 "proc-macro2",
 "quote",
 "unicode-ident",
]

[[package]]
name = "target-lexicon"
version = "0.13.5"
source = "registry+https://github.com/rust-lang/crates.io-index"
checksum = "adb6935a6f5c20170eeceb1a3835a49e12e19d792f6dd344ccc76a985ca5a6ca"

[[package]]
name = "tempfile"
version = "3.27.0"
source = "registry+https://github.com/rust-lang/crates.io-index"
checksum = "32497e9a4c7b38532efcdebeef879707aa9f794296a4f0244f6f69e9bc8574bd"
dependencies = [
 "fastrand",
 "getrandom",
 "once_cell",
 "rustix",
 "windows-sys",
]

[[package]]
name = "thiserror"
version = "2.0.18"
source = "registry+https://github.com/rust-lang/crates.io-index"
checksum = "4288b5bcbc7920c07a1149a35cf9590a2aa808e0bc1eafaade0b80947865fbc4"
dependencies = [
 "thiserror-impl",
]

[[package]]
name = "thiserror-impl"
version = "2.0.18"
source = "registry+https://github.com/rust-lang/crates.io-index"
checksum = "ebc4ee7f67670e9b64d05fa4253e753e016c6c95ff35b89b7941d6b856dec1d5"
dependencies = [
 "proc-macro2",
 "quote",
 "syn",
]

[[package]]
name = "tinyvec"
version = "1.12.0"
source = "registry+https://github.com/rust-lang/crates.io-index"
checksum = "bb4ebadaa0af04fab11ae01eb5f9fdb5f9c5b875506e210e71c07873528baa7f"
dependencies = [
 "tinyvec_macros",
]

[[package]]
name = "tinyvec_macros"
version = "0.1.1"
source = "registry+https://github.com/rust-lang/crates.io-index"
checksum = "1f3ccbac311fea05f86f61904b462b55fb3df8837a366dfc601a0161d0532f20"

[[package]]
name = "uluru"
version = "3.1.0"
source = "registry+https://github.com/rust-lang/crates.io-index"
checksum = "7c8a2469e56e6e5095c82ccd3afb98dad95f7af7929aab6d8ba8d6e0f73657da"
dependencies = [
 "arrayvec",
]

[[package]]
name = "unicode-bom"
version = "2.0.3"
source = "registry+https://github.com/rust-lang/crates.io-index"
checksum = "7eec5d1121208364f6793f7d2e222bf75a915c19557537745b195b253dd64217"

[[package]]
name = "unicode-ident"
version = "1.0.24"
source = "registry+https://github.com/rust-lang/crates.io-index"
checksum = "e6e4313cd5fcd3dad5cafa179702e2b244f760991f45397d14d4ebf38247da75"

[[package]]
name = "unicode-normalization"
version = "0.1.25"
source = "registry+https://github.com/rust-lang/crates.io-index"
checksum = "5fd4f6878c9cb28d874b009da9e8d183b5abc80117c40bbd187a1fde336be6e8"
dependencies = [
 "tinyvec",
]

[[package]]
name = "walkdir"
version = "2.5.0"
source = "registry+https://github.com/rust-lang/crates.io-index"
checksum = "29790946404f91d9c5d06f9874efddea1dc06c5efe94541a7d6863108e3a5e4b"
dependencies = [
 "same-file",
 "winapi-util",
]

[[package]]
name = "winapi-util"
version = "0.1.11"
source = "registry+https://github.com/rust-lang/crates.io-index"
checksum = "c2a7b1c03c876122aa43f3020e6c3c3ee5c05081c9a00739faf7503aeba10d22"
dependencies = [
 "windows-sys",
]

[[package]]
name = "windows-link"
version = "0.2.1"
source = "registry+https://github.com/rust-lang/crates.io-index"
checksum = "f0805222e57f7521d6a62e36fa9163bc891acd422f971defe97d64e70d0a4fe5"

[[package]]
name = "windows-sys"
version = "0.61.2"
source = "registry+https://github.com/rust-lang/crates.io-index"
checksum = "ae137229bcbd6cdf0f7b80a31df61766145077ddf49416a728b02cb3921ff3fc"
dependencies = [
 "windows-link",
]

[[package]]
name = "zlib-rs"
version = "0.6.6"
source = "registry+https://github.com/rust-lang/crates.io-index"
checksum = "b142a20ec14a91d5bc708c1dc21b080c550113d8aa77afa29635673a65dd02c5"
